// !$*UTF8*$!
{
	archiveVersion = 1;
	classes = {
	};
	objectVersion = 46;
	objects = {

/* Begin PBXBuildFile section */
		A72BE7071C3B0EAC0080D1B2 /* main.c in Sources */ = {isa = PBXBuildFile; fileRef = A72BE7061C3B0EAC0080D1B2 /* main.c */; };
/* End PBXBuildFile section */

/* Begin PBXCopyFilesBuildPhase section */
		A72BE7011C3B0EAC0080D1B2 /* CopyFiles */ = {
			isa = PBXCopyFilesBuildPhase;
			buildActionMask = 2147483647;
			dstPath = /usr/share/man/man1/;
			dstSubfolderSpec = 0;
			files = (
			);
			runOnlyForDeploymentPostprocessing = 1;
		};
/* End PBXCopyFilesBuildPhase section */

/* Begin PBXFileReference section */
		A72BE7031C3B0EAC0080D1B2 /* FuzzBizzNezz */ = {isa = PBXFileReference; explicitFileType = "compiled.mach-o.executable"; includeInIndex = 0; path = FuzzBizzNezz; sourceTree = BUILT_PRODUCTS_DIR; };
		A72BE7061C3B0EAC0080D1B2 /* main.c */ = {isa = PBXFileReference; lastKnownFileType = sourcecode.c.c; path = main.c; sourceTree = "<group>"; };
/* End PBXFileReference section */

/* Begin PBXFrameworksBuildPhase section */
		A72BE7001C3B0EAC0080D1B2 /* Frameworks */ = {
			isa = PBXFrameworksBuildPhase;
			buildActionMask = 2147483647;
			files = (
			);
			runOnlyForDeploymentPostprocessing = 0;
		};
/* End PBXFrameworksBuildPhase section */

/* Begin PBXGroup section */
		A72BE6FA1C3B0EAC0080D1B2 = {
			isa = PBXGroup;
			children = (
				A72BE7051C3B0EAC0080D1B2 /* FuzzBizzNezz */,
				A72BE7041C3B0EAC0080D1B2 /* Products */,
			);
			sourceTree = "<group>";
		};
		A72BE7041C3B0EAC0080D1B2 /* Products */ = {
			isa = PBXGroup;
			children = (
				A72BE7031C3B0EAC0080D1B2 /* FuzzBizzNezz */,
			);
			name = Products;
			sourceTree = "<group>";
		};
		A72BE7051C3B0EAC0080D1B2 /* FuzzBizzNezz */ = {
			isa = PBXGroup;
			children = (
				A72BE7061C3B0EAC0080D1B2 /* main.c */,
			);
			path = FuzzBizzNezz;
			sourceTree = "<group>";
		};
/* End PBXGroup section */

/* Begin PBXNativeTarget section */
		A72BE7021C3B0EAC0080D1B2 /* FuzzBizzNezz */ = {
			isa = PBXNativeTarget;
			buildConfigurationList = A72BE70A1C3B0EAC0080D1B2 /* Build configuration list for PBXNativeTarget "FuzzBizzNezz" */;
			buildPhases = (
				A72BE6FF1C3B0EAC0080D1B2 /* Sources */,
				A72BE7001C3B0EAC0080D1B2 /* Frameworks */,
				A72BE7011C3B0EAC0080D1B2 /* CopyFiles */,
			);
			buildRules = (
			);
			dependencies = (
			);
			name = FuzzBizzNezz;
			productName = FuzzBizzNezz;
			productReference = A72BE7031C3B0EAC0080D1B2 /* FuzzBizzNezz */;
			productType = "com.apple.product-type.tool";
		};
/* End PBXNativeTarget section */

/* Begin PBXProject section */
		A72BE6FB1C3B0EAC0080D1B2 /* Project object */ = {
			isa = PBXProject;
			attributes = {
				LastUpgradeCheck = 0720;
				ORGANIZATIONNAME = AccessIT;
				TargetAttributes = {
					A72BE7021C3B0EAC0080D1B2 = {
						CreatedOnToolsVersion = 7.2;
					};
				};
			};
			buildConfigurationList = A72BE6FE1C3B0EAC0080D1B2 /* Build configuration list for PBXProject "FuzzBizzNezz" */;
			compatibilityVersion = "Xcode 3.2";
			developmentRegion = English;
			hasScannedForEncodings = 0;
			knownRegions = (
				en,
			);
			mainGroup = A72BE6FA1C3B0EAC0080D1B2;
			productRefGroup = A72BE7041C3B0EAC0080D1B2 /* Products */;
			projectDirPath = "";
			projectRoot = "";
			targets = (
				A72BE7021C3B0EAC0080D1B2 /* FuzzBizzNezz */,
			);
		};
/* End PBXProject section */

/* Begin PBXSourcesBuildPhase section */
		A72BE6FF1C3B0EAC0080D1B2 /* Sources */ = {
			isa = PBXSourcesBuildPhase;
			buildActionMask = 2147483647;
			files = (
				A72BE7071C3B0EAC0080D1B2 /* main.c in Sources */,
			);
			runOnlyForDeploymentPostprocessing = 0;
		};
/* End PBXSourcesBuildPhase section */

/* Begin XCBuildConfiguration section */
		A72BE7081C3B0EAC0080D1B2 /* Debug */ = {
			isa = XCBuildConfiguration;
			buildSettings = {
				ALWAYS_SEARCH_USER_PATHS = NO;
				CLANG_CXX_LANGUAGE_STANDARD = "gnu++0x";
				CLANG_CXX_LIBRARY = "libc++";
				CLANG_ENABLE_MODULES = YES;
				CLANG_ENABLE_OBJC_ARC = YES;
				CLANG_WARN_BOOL_CONVERSION = YES;
				CLANG_WARN_CONSTANT_CONVERSION = YES;
				CLANG_WARN_DIRECT_OBJC_ISA_USAGE = YES_ERROR;
				CLANG_WARN_EMPTY_BODY = YES;
				CLANG_WARN_ENUM_CONVERSION = YES;
				CLANG_WARN_INT_CONVERSION = YES;
				CLANG_WARN_OBJC_ROOT_CLASS = YES_ERROR;
				CLANG_WARN_UNREACHABLE_CODE = YES;
				CLANG_WARN__DUPLICATE_METHOD_MATCH = YES;
				CODE_SIGN_IDENTITY = "-";
				COPY_PHASE_STRIP = NO;
				DEBUG_INFORMATION_FORMAT = dwarf;
				ENABLE_STRICT_OBJC_MSGSEND = YES;
				ENABLE_TESTABILITY = YES;
				GCC_C_LANGUAGE_STANDARD = gnu99;
				GCC_DYNAMIC_NO_PIC = NO;
				GCC_NO_COMMON_BLOCKS = YES;
				GCC_OPTIMIZATION_LEVEL = 0;
				GCC_PREPROCESSOR_DEFINITIONS = (
					"DEBUG=1",
					"$(inherited)",
				);
				GCC_WARN_64_TO_32_BIT_CONVERSION = YES;
				GCC_WARN_ABOUT_RETURN_TYPE = YES_ERROR;
				GCC_WARN_UNDECLARED_SELECTOR = YES;
				GCC_WARN_UNINITIALIZED_AUTOS = YES_AGGRESSIVE;
				GCC_WARN_UNUSED_FUNCTION = YES;
				GCC_WARN_UNUSED_VARIABLE = YES;
				MACOSX_DEPLOYMENT_TARGET = 10.11;
				MTL_ENABLE_DEBUG_INFO = YES;
				ONLY_ACTIVE_ARCH = YES;
				SDKROOT = macosx;
			};
			name = Debug;
		};
		A72BE7091C3B0EAC0080D1B2 /* Release */ = {
			isa = XCBuildConfiguration;
			buildSettings = {
				ALWAYS_SEARCH_USER_PATHS = NO;
				CLANG_CXX_LANGUAGE_STANDARD = "gnu++0x";
				CLANG_CXX_LIBRARY = "libc++";
				CLANG_ENABLE_MODULES = YES;
				CLANG_ENABLE_OBJC_ARC = YES;
				CLANG_WARN_BOOL_CONVERSION = YES;
				CLANG_WARN_CONSTANT_CONVERSION = YES;
				CLANG_WARN_DIRECT_OBJC_ISA_USAGE = YES_ERROR;
				CLANG_WARN_EMPTY_BODY = YES;
				CLANG_WARN_ENUM_CONVERSION = YES;
				CLANG_WARN_INT_CONVERSION = YES;
				CLANG_WARN_OBJC_ROOT_CLASS = YES_ERROR;
				CLANG_WARN_UNREACHABLE_CODE = YES;
				CLANG_WARN__DUPLICATE_METHOD_MATCH = YES;
				CODE_SIGN_IDENTITY = "-";
				COPY_PHASE_STRIP = NO;
				DEBUG_INFORMATION_FORMAT = "dwarf-with-dsym";
				ENABLE_NS_ASSERTIONS = NO;
				ENABLE_STRICT_OBJC_MSGSEND = YES;
				GCC_C_LANGUAGE_STANDARD = gnu99;
				GCC_NO_COMMON_BLOCKS = YES;
				GCC_WARN_64_TO_32_BIT_CONVERSION = YES;
				GCC_WARN_ABOUT_RETURN_TYPE = YES_ERROR;
				GCC_WARN_UNDECLARED_SELECTOR = YES;
				GCC_WARN_UNINITIALIZED_AUTOS = YES_AGGRESSIVE;
				GCC_WARN_UNUSED_FUNCTION = YES;
				GCC_WARN_UNUSED_VARIABLE = YES;
				MACOSX_DEPLOYMENT_TARGET = 10.11;
				MTL_ENABLE_DEBUG_INFO = NO;
				SDKROOT = macosx;
			};
			name = Release;
		};
		A72BE70B1C3B0EAC0080D1B2 /* Debug */ = {
			isa = XCBuildConfiguration;
			buildSettings = {
				PRODUCT_NAME = "$(TARGET_NAME)";
			};
			name = Debug;
		};
		A72BE70C1C3B0EAC0080D1B2 /* Release */ = {
			isa = XCBuildConfiguration;
			buildSettings = {
				PRODUCT_NAME = "$(TARGET_NAME)";
			};
			name = Release;
		};
/* End XCBuildConfiguration section */

/* Begin XCConfigurationList section */
		A72BE6FE1C3B0EAC0080D1B2 /* Build configuration list for PBXProject "FuzzBizzNezz" */ = {
			isa = XCConfigurationList;
			buildConfigurations = (
				A72BE7081C3B0EAC0080D1B2 /* Debug */,
				A72BE7091C3B0EAC0080D1B2 /* Release */,
			);
			defaultConfigurationIsVisible = 0;
			defaultConfigurationName = Release;
		};
		A72BE70A1C3B0EAC0080D1B2 /* Build configuration list for PBXNativeTarget "FuzzBizzNezz" */ = {
			isa = XCConfigurationList;
			buildConfigurations = (
				A72BE70B1C3B0EAC0080D1B2 /* Debug */,
				A72BE70C1C3B0EAC0080D1B2 /* Release */,
			);
			defaultConfigurationIsVisible = 0;
		};
/* End XCConfigurationList section */
	};
	rootObject = A72BE6FB1C3B0EAC0080D1B2 /* Project object */;
}
